// !$*UTF8*$!
{
	archiveVersion = 1;
	classes = {
	};
	objectVersion = 48;
	objects = {

/* Begin PBXBuildFile section */
		BFDF4AFD1F57D87D00278811 /* AppDelegate.swift in Sources */ = {isa = PBXBuildFile; fileRef = BFDF4AFC1F57D87D00278811 /* AppDelegate.swift */; };
		BFDF4AFF1F57D87D00278811 /* ViewController.swift in Sources */ = {isa = PBXBuildFile; fileRef = BFDF4AFE1F57D87D00278811 /* ViewController.swift */; };
		BFDF4B021F57D87D00278811 /* Main.storyboard in Resources */ = {isa = PBXBuildFile; fileRef = BFDF4B001F57D87D00278811 /* Main.storyboard */; };
		BFDF4B041F57D87D00278811 /* Assets.xcassets in Resources */ = {isa = PBXBuildFile; fileRef = BFDF4B031F57D87D00278811 /* Assets.xcassets */; };
		BFDF4B071F57D87D00278811 /* LaunchScreen.storyboard in Resources */ = {isa = PBXBuildFile; fileRef = BFDF4B051F57D87D00278811 /* LaunchScreen.storyboard */; };
/* End PBXBuildFile section */

/* Begin PBXFileReference section */
		BFDF4AF91F57D87D00278811 /* 心理遊戲.app */ = {isa = PBXFileReference; explicitFileType = wrapper.application; includeInIndex = 0; path = "心理遊戲.app"; sourceTree = BUILT_PRODUCTS_DIR; };
		BFDF4AFC1F57D87D00278811 /* AppDelegate.swift */ = {isa = PBXFileReference; lastKnownFileType = sourcecode.swift; path = AppDelegate.swift; sourceTree = "<group>"; };
		BFDF4AFE1F57D87D00278811 /* ViewController.swift */ = {isa = PBXFileReference; lastKnownFileType = sourcecode.swift; path = ViewController.swift; sourceTree = "<group>"; };
		BFDF4B011F57D87D00278811 /* Base */ = {isa = PBXFileReference; lastKnownFileType = file.storyboard; name = Base; path = Base.lproj/Main.storyboard; sourceTree = "<group>"; };
		BFDF4B031F57D87D00278811 /* Assets.xcassets */ = {isa = PBXFileReference; lastKnownFileType = folder.assetcatalog; path = Assets.xcassets; sourceTree = "<group>"; };
		BFDF4B061F57D87D00278811 /* Base */ = {isa = PBXFileReference; lastKnownFileType = file.storyboard; name = Base; path = Base.lproj/LaunchScreen.storyboard; sourceTree = "<group>"; };
		BFDF4B081F57D87D00278811 /* Info.plist */ = {isa = PBXFileReference; lastKnownFileType = text.plist.xml; path = Info.plist; sourceTree = "<group>"; };
/* End PBXFileReference section */

/* Begin PBXFrameworksBuildPhase section */
		BFDF4AF61F57D87D00278811 /* Frameworks */ = {
			isa = PBXFrameworksBuildPhase;
			buildActionMask = 2147483647;
			files = (
			);
			runOnlyForDeploymentPostprocessing = 0;
		};
/* End PBXFrameworksBuildPhase section */

/* Begin PBXGroup section */
		BFDF4AF01F57D87D00278811 = {
			isa = PBXGroup;
			children = (
				BFDF4AFB1F57D87D00278811 /* 心理遊戲 */,
				BFDF4AFA1F57D87D00278811 /* Products */,
			);
			sourceTree = "<group>";
		};
		BFDF4AFA1F57D87D00278811 /* Products */ = {
			isa = PBXGroup;
			children = (
				BFDF4AF91F57D87D00278811 /* 心理遊戲.app */,
			);
			name = Products;
			sourceTree = "<group>";
		};
		BFDF4AFB1F57D87D00278811 /* 心理遊戲 */ = {
			isa = PBXGroup;
			children = (
				BFDF4AFC1F57D87D00278811 /* AppDelegate.swift */,
				BFDF4AFE1F57D87D00278811 /* ViewController.swift */,
				BFDF4B001F57D87D00278811 /* Main.storyboard */,
				BFDF4B031F57D87D00278811 /* Assets.xcassets */,
				BFDF4B051F57D87D00278811 /* LaunchScreen.storyboard */,
				BFDF4B081F57D87D00278811 /* Info.plist */,
			);
			path = "心理遊戲";
			sourceTree = "<group>";
		};
/* End PBXGroup section */

/* Begin PBXNativeTarget section */
		BFDF4AF81F57D87D00278811 /* 心理遊戲 */ = {
			isa = PBXNativeTarget;
			buildConfigurationList = BFDF4B0B1F57D87D00278811 /* Build configuration list for PBXNativeTarget "心理遊戲" */;
			buildPhases = (
				BFDF4AF51F57D87D00278811 /* Sources */,
				BFDF4AF61F57D87D00278811 /* Frameworks */,
				BFDF4AF71F57D87D00278811 /* Resources */,
			);
			buildRules = (
			);
			dependencies = (
			);
			name = "心理遊戲";
			productName = "心理遊戲";
			productReference = BFDF4AF91F57D87D00278811 /* 心理遊戲.app */;
			productType = "com.apple.product-type.application";
		};
/* End PBXNativeTarget section */

/* Begin PBXProject section */
		BFDF4AF11F57D87D00278811 /* Project object */ = {
			isa = PBXProject;
			attributes = {
				LastSwiftUpdateCheck = 0900;
				LastUpgradeCheck = 0900;
				ORGANIZATIONNAME = Louis;
				TargetAttributes = {
					BFDF4AF81F57D87D00278811 = {
						CreatedOnToolsVersion = 9.0;
					};
				};
			};
			buildConfigurationList = BFDF4AF41F57D87D00278811 /* Build configuration list for PBXProject "心理遊戲" */;
			compatibilityVersion = "Xcode 8.0";
			developmentRegion = en;
			hasScannedForEncodings = 0;
			knownRegions = (
				en,
				Base,
			);
			mainGroup = BFDF4AF01F57D87D00278811;
			productRefGroup = BFDF4AFA1F57D87D00278811 /* Products */;
			projectDirPath = "";
			projectRoot = "";
			targets = (
				BFDF4AF81F57D87D00278811 /* 心理遊戲 */,
			);
		};
/* End PBXProject section */

/* Begin PBXResourcesBuildPhase section */
		BFDF4AF71F57D87D00278811 /* Resources */ = {
			isa = PBXResourcesBuildPhase;
			buildActionMask = 2147483647;
			files = (
				BFDF4B071F57D87D00278811 /* LaunchScreen.storyboard in Resources */,
				BFDF4B041F57D87D00278811 /* Assets.xcassets in Resources */,
				BFDF4B021F57D87D00278811 /* Main.storyboard in Resources */,
			);
			runOnlyForDeploymentPostprocessing = 0;
		};
/* End PBXResourcesBuildPhase section */

/* Begin PBXSourcesBuildPhase section */
		BFDF4AF51F57D87D00278811 /* Sources */ = {
			isa = PBXSourcesBuildPhase;
			buildActionMask = 2147483647;
			files = (
				BFDF4AFF1F57D87D00278811 /* ViewController.swift in Sources */,
				BFDF4AFD1F57D87D00278811 /* AppDelegate.swift in Sources */,
			);
			runOnlyForDeploymentPostprocessing = 0;
		};
/* End PBXSourcesBuildPhase section */

/* Begin PBXVariantGroup section */
		BFDF4B001F57D87D00278811 /* Main.storyboard */ = {
			isa = PBXVariantGroup;
			children = (
				BFDF4B011F57D87D00278811 /* Base */,
			);
			name = Main.storyboard;
			sourceTree = "<group>";
		};
		BFDF4B051F57D87D00278811 /* LaunchScreen.storyboard */ = {
			isa = PBXVariantGroup;
			children = (
				BFDF4B061F57D87D00278811 /* Base */,
			);
			name = LaunchScreen.storyboard;
			sourceTree = "<group>";
		};
/* End PBXVariantGroup section */

/* Begin XCBuildConfiguration section */
		BFDF4B091F57D87D00278811 /* Debug */ = {
			isa = XCBuildConfiguration;
			buildSettings = {
				ALWAYS_SEARCH_USER_PATHS = NO;
				CLANG_ANALYZER_NONNULL = YES;
				CLANG_ANALYZER_NUMBER_OBJECT_CONVERSION = YES_AGGRESSIVE;
				CLANG_CXX_LANGUAGE_STANDARD = "gnu++14";
				CLANG_CXX_LIBRARY = "libc++";
				CLANG_ENABLE_MODULES = YES;
				CLANG_ENABLE_OBJC_ARC = YES;
				CLANG_WARN_BLOCK_CAPTURE_AUTORELEASING = YES;
				CLANG_WARN_BOOL_CONVERSION = YES;
				CLANG_WARN_COMMA = YES;
				CLANG_WARN_CONSTANT_CONVERSION = YES;
				CLANG_WARN_DIRECT_OBJC_ISA_USAGE = YES_ERROR;
				CLANG_WARN_DOCUMENTATION_COMMENTS = YES;
				CLANG_WARN_EMPTY_BODY = YES;
				CLANG_WARN_ENUM_CONVERSION = YES;
				CLANG_WARN_INFINITE_RECURSION = YES;
				CLANG_WARN_INT_CONVERSION = YES;
				CLANG_WARN_OBJC_ROOT_CLASS = YES_ERROR;
				CLANG_WARN_RANGE_LOOP_ANALYSIS = YES;
				CLANG_WARN_STRICT_PROTOTYPES = YES;
				CLANG_WARN_SUSPICIOUS_MOVE = YES;
				CLANG_WARN_UNGUARDED_AVAILABILITY = YES_AGGRESSIVE;
				CLANG_WARN_UNREACHABLE_CODE = YES;
				CLANG_WARN__DUPLICATE_METHOD_MATCH = YES;
				CODE_SIGN_IDENTITY = "iPhone Developer";
				COPY_PHASE_STRIP = NO;
				DEBUG_INFORMATION_FORMAT = dwarf;
				ENABLE_STRICT_OBJC_MSGSEND = YES;
				ENABLE_TESTABILITY = YES;
				GCC_C_LANGUAGE_STANDARD = gnu11;
				GCC_DYNAMIC_NO_PIC = NO;
				GCC_NO_COMMON_BLOCKS = YES;
				GCC_OPTIMIZATION_LEVEL = 0;
				GCC_PREPROCESSOR_DEFINITIONS = (
					"DEBUG=1",
					"$(inherited)",
				);
				GCC_WARN_64_TO_32_BIT_CONVERSION = YES;
				GCC_WARN_ABOUT_RETURN_TYPE = YES_ERROR;
				GCC_WARN_UNDECLARED_SELECTOR = YES;
				GCC_WARN_UNINITIALIZED_AUTOS = YES_AGGRESSIVE;
				GCC_WARN_UNUSED_FUNCTION = YES;
				GCC_WARN_UNUSED_VARIABLE = YES;
				IPHONEOS_DEPLOYMENT_TARGET = 11.0;
				MTL_ENABLE_DEBUG_INFO = YES;
				ONLY_ACTIVE_ARCH = YES;
				SDKROOT = iphoneos;
				SWIFT_ACTIVE_COMPILATION_CONDITIONS = DEBUG;
				SWIFT_OPTIMIZATION_LEVEL = "-Onone";
			};
			name = Debug;
		};
		BFDF4B0A1F57D87D00278811 /* Release */ = {
			isa = XCBuildConfiguration;
			buildSettings = {
				ALWAYS_SEARCH_USER_PATHS = NO;
				CLANG_ANALYZER_NONNULL = YES;
				CLANG_ANALYZER_NUMBER_OBJECT_CONVERSION = YES_AGGRESSIVE;
				CLANG_CXX_LANGUAGE_STANDARD = "gnu++14";
				CLANG_CXX_LIBRARY = "libc++";
				CLANG_ENABLE_MODULES = YES;
				CLANG_ENABLE_OBJC_ARC = YES;
				CLANG_WARN_BLOCK_CAPTURE_AUTORELEASING = YES;
				CLANG_WARN_BOOL_CONVERSION = YES;
				CLANG_WARN_COMMA = YES;
				CLANG_WARN_CONSTANT_CONVERSION = YES;
				CLANG_WARN_DIRECT_OBJC_ISA_USAGE = YES_ERROR;
				CLANG_WARN_DOCUMENTATION_COMMENTS = YES;
				CLANG_WARN_EMPTY_BODY = YES;
				CLANG_WARN_ENUM_CONVERSION = YES;
				CLANG_WARN_INFINITE_RECURSION = YES;
				CLANG_WARN_INT_CONVERSION = YES;
				CLANG_WARN_OBJC_ROOT_CLASS = YES_ERROR;
				CLANG_WARN_RANGE_LOOP_ANALYSIS = YES;
				CLANG_WARN_STRICT_PROTOTYPES = YES;
				CLANG_WARN_SUSPICIOUS_MOVE = YES;
				CLANG_WARN_UNGUARDED_AVAILABILITY = YES_AGGRESSIVE;
				CLANG_WARN_UNREACHABLE_CODE = YES;
				CLANG_WARN__DUPLICATE_METHOD_MATCH = YES;
				CODE_SIGN_IDENTITY = "iPhone Developer";
				COPY_PHASE_STRIP = NO;
				DEBUG_INFORMATION_FORMAT = "dwarf-with-dsym";
				ENABLE_NS_ASSERTIONS = NO;
				ENABLE_STRICT_OBJC_MSGSEND = YES;
				GCC_C_LANGUAGE_STANDARD = gnu11;
				GCC_NO_COMMON_BLOCKS = YES;
				GCC_WARN_64_TO_32_BIT_CONVERSION = YES;
				GCC_WARN_ABOUT_RETURN_TYPE = YES_ERROR;
				GCC_WARN_UNDECLARED_SELECTOR = YES;
				GCC_WARN_UNINITIALIZED_AUTOS = YES_AGGRESSIVE;
				GCC_WARN_UNUSED_FUNCTION = YES;
				GCC_WARN_UNUSED_VARIABLE = YES;
				IPHONEOS_DEPLOYMENT_TARGET = 11.0;
				MTL_ENABLE_DEBUG_INFO = NO;
				SDKROOT = iphoneos;
				SWIFT_OPTIMIZATION_LEVEL = "-Owholemodule";
				VALIDATE_PRODUCT = YES;
			};
			name = Release;
		};
		BFDF4B0C1F57D87D00278811 /* Debug */ = {
			isa = XCBuildConfiguration;
			buildSettings = {
				ASSETCATALOG_COMPILER_APPICON_NAME = AppIcon;
				INFOPLIST_FILE = "心理遊戲/Info.plist";
				LD_RUNPATH_SEARCH_PATHS = "$(inherited) @executable_path/Frameworks";
				PRODUCT_BUNDLE_IDENTIFIER = "handsome.com.----";
				PRODUCT_NAME = "$(TARGET_NAME)";
				SWIFT_VERSION = 4.0;
				TARGETED_DEVICE_FAMILY = "1,2";
			};
			name = Debug;
		};
		BFDF4B0D1F57D87D00278811 /* Release */ = {
			isa = XCBuildConfiguration;
			buildSettings = {
				ASSETCATALOG_COMPILER_APPICON_NAME = AppIcon;
				INFOPLIST_FILE = "心理遊戲/Info.plist";
				LD_RUNPATH_SEARCH_PATHS = "$(inherited) @executable_path/Frameworks";
				PRODUCT_BUNDLE_IDENTIFIER = "handsome.com.----";
				PRODUCT_NAME = "$(TARGET_NAME)";
				SWIFT_VERSION = 4.0;
				TARGETED_DEVICE_FAMILY = "1,2";
			};
			name = Release;
		};
/* End XCBuildConfiguration section */

/* Begin XCConfigurationList section */
		BFDF4AF41F57D87D00278811 /* Build configuration list for PBXProject "心理遊戲" */ = {
			isa = XCConfigurationList;
			buildConfigurations = (
				BFDF4B091F57D87D00278811 /* Debug */,
				BFDF4B0A1F57D87D00278811 /* Release */,
			);
			defaultConfigurationIsVisible = 0;
			defaultConfigurationName = Release;
		};
		BFDF4B0B1F57D87D00278811 /* Build configuration list for PBXNativeTarget "心理遊戲" */ = {
			isa = XCConfigurationList;
			buildConfigurations = (
				BFDF4B0C1F57D87D00278811 /* Debug */,
				BFDF4B0D1F57D87D00278811 /* Release */,
			);
			defaultConfigurationIsVisible = 0;
		};
/* End XCConfigurationList section */
	};
	rootObject = BFDF4AF11F57D87D00278811 /* Project object */;
}
